// !$*UTF8*$!
{
	archiveVersion = 1;
	classes = {
	};
	objectVersion = 55;
	objects = {

/* Begin PBXBuildFile section */
		B521D43E28352D000088AF71 /* RestaurantOrderApp.swift in Sources */ = {isa = PBXBuildFile; fileRef = B521D43D28352D000088AF71 /* RestaurantOrderApp.swift */; };
		B521D44028352D000088AF71 /* ContentView.swift in Sources */ = {isa = PBXBuildFile; fileRef = B521D43F28352D000088AF71 /* ContentView.swift */; };
		B521D44228352D020088AF71 /* Assets.xcassets in Resources */ = {isa = PBXBuildFile; fileRef = B521D44128352D020088AF71 /* Assets.xcassets */; };
		B521D44528352D020088AF71 /* Preview Assets.xcassets in Resources */ = {isa = PBXBuildFile; fileRef = B521D44428352D020088AF71 /* Preview Assets.xcassets */; };
		B521D44F28352D030088AF71 /* RestaurantOrderTests.swift in Sources */ = {isa = PBXBuildFile; fileRef = B521D44E28352D030088AF71 /* RestaurantOrderTests.swift */; };
		B521D45928352D030088AF71 /* RestaurantOrderUITests.swift in Sources */ = {isa = PBXBuildFile; fileRef = B521D45828352D030088AF71 /* RestaurantOrderUITests.swift */; };
		B521D45B28352D030088AF71 /* RestaurantOrderUITestsLaunchTests.swift in Sources */ = {isa = PBXBuildFile; fileRef = B521D45A28352D030088AF71 /* RestaurantOrderUITestsLaunchTests.swift */; };
		B521D46B28352E440088AF71 /* Restaurant.swift in Sources */ = {isa = PBXBuildFile; fileRef = B521D46728352E430088AF71 /* Restaurant.swift */; };
		B521D46C28352E440088AF71 /* OrderItem.swift in Sources */ = {isa = PBXBuildFile; fileRef = B521D46828352E430088AF71 /* OrderItem.swift */; };
		B521D46D28352E440088AF71 /* OrderItemView.swift in Sources */ = {isa = PBXBuildFile; fileRef = B521D46928352E430088AF71 /* OrderItemView.swift */; };
		B521D46E28352E440088AF71 /* OrderView.swift in Sources */ = {isa = PBXBuildFile; fileRef = B521D46A28352E440088AF71 /* OrderView.swift */; };
		B521D470283533E40088AF71 /* OrderViewModel.swift in Sources */ = {isa = PBXBuildFile; fileRef = B521D46F283533E40088AF71 /* OrderViewModel.swift */; };
/* End PBXBuildFile section */

/* Begin PBXContainerItemProxy section */
		B521D44B28352D030088AF71 /* PBXContainerItemProxy */ = {
			isa = PBXContainerItemProxy;
			containerPortal = B521D43228352D000088AF71 /* Project object */;
			proxyType = 1;
			remoteGlobalIDString = B521D43928352D000088AF71;
			remoteInfo = RestaurantOrder;
		};
		B521D45528352D030088AF71 /* PBXContainerItemProxy */ = {
			isa = PBXContainerItemProxy;
			containerPortal = B521D43228352D000088AF71 /* Project object */;
			proxyType = 1;
			remoteGlobalIDString = B521D43928352D000088AF71;
			remoteInfo = RestaurantOrder;
		};
/* End PBXContainerItemProxy section */

/* Begin PBXFileReference section */
		B521D43A28352D000088AF71 /* RestaurantOrder.app */ = {isa = PBXFileReference; explicitFileType = wrapper.application; includeInIndex = 0; path = RestaurantOrder.app; sourceTree = BUILT_PRODUCTS_DIR; };
		B521D43D28352D000088AF71 /* RestaurantOrderApp.swift */ = {isa = PBXFileReference; lastKnownFileType = sourcecode.swift; path = RestaurantOrderApp.swift; sourceTree = "<group>"; };
		B521D43F28352D000088AF71 /* ContentView.swift */ = {isa = PBXFileReference; lastKnownFileType = sourcecode.swift; path = ContentView.swift; sourceTree = "<group>"; };
		B521D44128352D020088AF71 /* Assets.xcassets */ = {isa = PBXFileReference; lastKnownFileType = folder.assetcatalog; path = Assets.xcassets; sourceTree = "<group>"; };
		B521D44428352D020088AF71 /* Preview Assets.xcassets */ = {isa = PBXFileReference; lastKnownFileType = folder.assetcatalog; path = "Preview Assets.xcassets"; sourceTree = "<group>"; };
		B521D44A28352D030088AF71 /* RestaurantOrderTests.xctest */ = {isa = PBXFileReference; explicitFileType = wrapper.cfbundle; includeInIndex = 0; path = RestaurantOrderTests.xctest; sourceTree = BUILT_PRODUCTS_DIR; };
		B521D44E28352D030088AF71 /* RestaurantOrderTests.swift */ = {isa = PBXFileReference; lastKnownFileType = sourcecode.swift; path = RestaurantOrderTests.swift; sourceTree = "<group>"; };
		B521D45428352D030088AF71 /* RestaurantOrderUITests.xctest */ = {isa = PBXFileReference; explicitFileType = wrapper.cfbundle; includeInIndex = 0; path = RestaurantOrderUITests.xctest; sourceTree = BUILT_PRODUCTS_DIR; };
		B521D45828352D030088AF71 /* RestaurantOrderUITests.swift */ = {isa = PBXFileReference; lastKnownFileType = sourcecode.swift; path = RestaurantOrderUITests.swift; sourceTree = "<group>"; };
		B521D45A28352D030088AF71 /* RestaurantOrderUITestsLaunchTests.swift */ = {isa = PBXFileReference; lastKnownFileType = sourcecode.swift; path = RestaurantOrderUITestsLaunchTests.swift; sourceTree = "<group>"; };
		B521D46728352E430088AF71 /* Restaurant.swift */ = {isa = PBXFileReference; fileEncoding = 4; lastKnownFileType = sourcecode.swift; path = Restaurant.swift; sourceTree = "<group>"; };
		B521D46828352E430088AF71 /* OrderItem.swift */ = {isa = PBXFileReference; fileEncoding = 4; lastKnownFileType = sourcecode.swift; path = OrderItem.swift; sourceTree = "<group>"; };
		B521D46928352E430088AF71 /* OrderItemView.swift */ = {isa = PBXFileReference; fileEncoding = 4; lastKnownFileType = sourcecode.swift; path = OrderItemView.swift; sourceTree = "<group>"; };
		B521D46A28352E440088AF71 /* OrderView.swift */ = {isa = PBXFileReference; fileEncoding = 4; lastKnownFileType = sourcecode.swift; path = OrderView.swift; sourceTree = "<group>"; };
		B521D46F283533E40088AF71 /* OrderViewModel.swift */ = {isa = PBXFileReference; lastKnownFileType = sourcecode.swift; path = OrderViewModel.swift; sourceTree = "<group>"; };
/* End PBXFileReference section */

/* Begin PBXFrameworksBuildPhase section */
		B521D43728352D000088AF71 /* Frameworks */ = {
			isa = PBXFrameworksBuildPhase;
			buildActionMask = 2147483647;
			files = (
			);
			runOnlyForDeploymentPostprocessing = 0;
		};
		B521D44728352D030088AF71 /* Frameworks */ = {
			isa = PBXFrameworksBuildPhase;
			buildActionMask = 2147483647;
			files = (
			);
			runOnlyForDeploymentPostprocessing = 0;
		};
		B521D45128352D030088AF71 /* Frameworks */ = {
			isa = PBXFrameworksBuildPhase;
			buildActionMask = 2147483647;
			files = (
			);
			runOnlyForDeploymentPostprocessing = 0;
		};
/* End PBXFrameworksBuildPhase section */

/* Begin PBXGroup section */
		B521D43128352D000088AF71 = {
			isa = PBXGroup;
			children = (
				B521D43C28352D000088AF71 /* RestaurantOrder */,
				B521D44D28352D030088AF71 /* RestaurantOrderTests */,
				B521D45728352D030088AF71 /* RestaurantOrderUITests */,
				B521D43B28352D000088AF71 /* Products */,
			);
			sourceTree = "<group>";
		};
		B521D43B28352D000088AF71 /* Products */ = {
			isa = PBXGroup;
			children = (
				B521D43A28352D000088AF71 /* RestaurantOrder.app */,
				B521D44A28352D030088AF71 /* RestaurantOrderTests.xctest */,
				B521D45428352D030088AF71 /* RestaurantOrderUITests.xctest */,
			);
			name = Products;
			sourceTree = "<group>";
		};
		B521D43C28352D000088AF71 /* RestaurantOrder */ = {
			isa = PBXGroup;
			children = (
				B521D47328353B3E0088AF71 /* ViewModel */,
				B521D47228353B300088AF71 /* Model */,
				B521D47128353B120088AF71 /* View */,
				B521D43D28352D000088AF71 /* RestaurantOrderApp.swift */,
				B521D43F28352D000088AF71 /* ContentView.swift */,
				B521D44128352D020088AF71 /* Assets.xcassets */,
				B521D44328352D020088AF71 /* Preview Content */,
			);
			path = RestaurantOrder;
			sourceTree = "<group>";
		};
		B521D44328352D020088AF71 /* Preview Content */ = {
			isa = PBXGroup;
			children = (
				B521D44428352D020088AF71 /* Preview Assets.xcassets */,
			);
			path = "Preview Content";
			sourceTree = "<group>";
		};
		B521D44D28352D030088AF71 /* RestaurantOrderTests */ = {
			isa = PBXGroup;
			children = (
				B521D44E28352D030088AF71 /* RestaurantOrderTests.swift */,
			);
			path = RestaurantOrderTests;
			sourceTree = "<group>";
		};
		B521D45728352D030088AF71 /* RestaurantOrderUITests */ = {
			isa = PBXGroup;
			children = (
				B521D45828352D030088AF71 /* RestaurantOrderUITests.swift */,
				B521D45A28352D030088AF71 /* RestaurantOrderUITestsLaunchTests.swift */,
			);
			path = RestaurantOrderUITests;
			sourceTree = "<group>";
		};
		B521D47128353B120088AF71 /* View */ = {
			isa = PBXGroup;
			children = (
				B521D46928352E430088AF71 /* OrderItemView.swift */,
				B521D46A28352E440088AF71 /* OrderView.swift */,
			);
			path = View;
			sourceTree = "<group>";
		};
		B521D47228353B300088AF71 /* Model */ = {
			isa = PBXGroup;
			children = (
				B521D46728352E430088AF71 /* Restaurant.swift */,
				B521D46828352E430088AF71 /* OrderItem.swift */,
			);
			path = Model;
			sourceTree = "<group>";
		};
		B521D47328353B3E0088AF71 /* ViewModel */ = {
			isa = PBXGroup;
			children = (
				B521D46F283533E40088AF71 /* OrderViewModel.swift */,
			);
			path = ViewModel;
			sourceTree = "<group>";
		};
/* End PBXGroup section */

/* Begin PBXNativeTarget section */
		B521D43928352D000088AF71 /* RestaurantOrder */ = {
			isa = PBXNativeTarget;
			buildConfigurationList = B521D45E28352D030088AF71 /* Build configuration list for PBXNativeTarget "RestaurantOrder" */;
			buildPhases = (
				B521D43628352D000088AF71 /* Sources */,
				B521D43728352D000088AF71 /* Frameworks */,
				B521D43828352D000088AF71 /* Resources */,
			);
			buildRules = (
			);
			dependencies = (
			);
			name = RestaurantOrder;
			productName = RestaurantOrder;
			productReference = B521D43A28352D000088AF71 /* RestaurantOrder.app */;
			productType = "com.apple.product-type.application";
		};
		B521D44928352D030088AF71 /* RestaurantOrderTests */ = {
			isa = PBXNativeTarget;
			buildConfigurationList = B521D46128352D030088AF71 /* Build configuration list for PBXNativeTarget "RestaurantOrderTests" */;
			buildPhases = (
				B521D44628352D030088AF71 /* Sources */,
				B521D44728352D030088AF71 /* Frameworks */,
				B521D44828352D030088AF71 /* Resources */,
			);
			buildRules = (
			);
			dependencies = (
				B521D44C28352D030088AF71 /* PBXTargetDependency */,
			);
			name = RestaurantOrderTests;
			productName = RestaurantOrderTests;
			productReference = B521D44A28352D030088AF71 /* RestaurantOrderTests.xctest */;
			productType = "com.apple.product-type.bundle.unit-test";
		};
		B521D45328352D030088AF71 /* RestaurantOrderUITests */ = {
			isa = PBXNativeTarget;
			buildConfigurationList = B521D46428352D030088AF71 /* Build configuration list for PBXNativeTarget "RestaurantOrderUITests" */;
			buildPhases = (
				B521D45028352D030088AF71 /* Sources */,
				B521D45128352D030088AF71 /* Frameworks */,
				B521D45228352D030088AF71 /* Resources */,
			);
			buildRules = (
			);
			dependencies = (
				B521D45628352D030088AF71 /* PBXTargetDependency */,
			);
			name = RestaurantOrderUITests;
			productName = RestaurantOrderUITests;
			productReference = B521D45428352D030088AF71 /* RestaurantOrderUITests.xctest */;
			productType = "com.apple.product-type.bundle.ui-testing";
		};
/* End PBXNativeTarget section */

/* Begin PBXProject section */
		B521D43228352D000088AF71 /* Project object */ = {
			isa = PBXProject;
			attributes = {
				BuildIndependentTargetsInParallel = 1;
				LastSwiftUpdateCheck = 1330;
				LastUpgradeCheck = 1330;
				TargetAttributes = {
					B521D43928352D000088AF71 = {
						CreatedOnToolsVersion = 13.3.1;
					};
					B521D44928352D030088AF71 = {
						CreatedOnToolsVersion = 13.3.1;
						TestTargetID = B521D43928352D000088AF71;
					};
					B521D45328352D030088AF71 = {
						CreatedOnToolsVersion = 13.3.1;
						TestTargetID = B521D43928352D000088AF71;
					};
				};
			};
			buildConfigurationList = B521D43528352D000088AF71 /* Build configuration list for PBXProject "RestaurantOrder" */;
			compatibilityVersion = "Xcode 13.0";
			developmentRegion = en;
			hasScannedForEncodings = 0;
			knownRegions = (
				en,
				Base,
			);
			mainGroup = B521D43128352D000088AF71;
			productRefGroup = B521D43B28352D000088AF71 /* Products */;
			projectDirPath = "";
			projectRoot = "";
			targets = (
				B521D43928352D000088AF71 /* RestaurantOrder */,
				B521D44928352D030088AF71 /* RestaurantOrderTests */,
				B521D45328352D030088AF71 /* RestaurantOrderUITests */,
			);
		};
/* End PBXProject section */

/* Begin PBXResourcesBuildPhase section */
		B521D43828352D000088AF71 /* Resources */ = {
			isa = PBXResourcesBuildPhase;
			buildActionMask = 2147483647;
			files = (
				B521D44528352D020088AF71 /* Preview Assets.xcassets in Resources */,
				B521D44228352D020088AF71 /* Assets.xcassets in Resources */,
			);
			runOnlyForDeploymentPostprocessing = 0;
		};
		B521D44828352D030088AF71 /* Resources */ = {
			isa = PBXResourcesBuildPhase;
			buildActionMask = 2147483647;
			files = (
			);
			runOnlyForDeploymentPostprocessing = 0;
		};
		B521D45228352D030088AF71 /* Resources */ = {
			isa = PBXResourcesBuildPhase;
			buildActionMask = 2147483647;
			files = (
			);
			runOnlyForDeploymentPostprocessing = 0;
		};
/* End PBXResourcesBuildPhase section */

/* Begin PBXSourcesBuildPhase section */
		B521D43628352D000088AF71 /* Sources */ = {
			isa = PBXSourcesBuildPhase;
			buildActionMask = 2147483647;
			files = (
				B521D44028352D000088AF71 /* ContentView.swift in Sources */,
				B521D46C28352E440088AF71 /* OrderItem.swift in Sources */,
				B521D46D28352E440088AF71 /* OrderItemView.swift in Sources */,
				B521D46E28352E440088AF71 /* OrderView.swift in Sources */,
				B521D43E28352D000088AF71 /* RestaurantOrderApp.swift in Sources */,
				B521D470283533E40088AF71 /* OrderViewModel.swift in Sources */,
				B521D46B28352E440088AF71 /* Restaurant.swift in Sources */,
			);
			runOnlyForDeploymentPostprocessing = 0;
		};
		B521D44628352D030088AF71 /* Sources */ = {
			isa = PBXSourcesBuildPhase;
			buildActionMask = 2147483647;
			files = (
				B521D44F28352D030088AF71 /* RestaurantOrderTests.swift in Sources */,
			);
			runOnlyForDeploymentPostprocessing = 0;
		};
		B521D45028352D030088AF71 /* Sources */ = {
			isa = PBXSourcesBuildPhase;
			buildActionMask = 2147483647;
			files = (
				B521D45B28352D030088AF71 /* RestaurantOrderUITestsLaunchTests.swift in Sources */,
				B521D45928352D030088AF71 /* RestaurantOrderUITests.swift in Sources */,
			);
			runOnlyForDeploymentPostprocessing = 0;
		};
/* End PBXSourcesBuildPhase section */

/* Begin PBXTargetDependency section */
		B521D44C28352D030088AF71 /* PBXTargetDependency */ = {
			isa = PBXTargetDependency;
			target = B521D43928352D000088AF71 /* RestaurantOrder */;
			targetProxy = B521D44B28352D030088AF71 /* PBXContainerItemProxy */;
		};
		B521D45628352D030088AF71 /* PBXTargetDependency */ = {
			isa = PBXTargetDependency;
			target = B521D43928352D000088AF71 /* RestaurantOrder */;
			targetProxy = B521D45528352D030088AF71 /* PBXContainerItemProxy */;
		};
/* End PBXTargetDependency section */

/* Begin XCBuildConfiguration section */
		B521D45C28352D030088AF71 /* Debug */ = {
			isa = XCBuildConfiguration;
			buildSettings = {
				ALWAYS_SEARCH_USER_PATHS = NO;
				CLANG_ANALYZER_NONNULL = YES;
				CLANG_ANALYZER_NUMBER_OBJECT_CONVERSION = YES_AGGRESSIVE;
				CLANG_CXX_LANGUAGE_STANDARD = "gnu++17";
				CLANG_ENABLE_MODULES = YES;
				CLANG_ENABLE_OBJC_ARC = YES;
				CLANG_ENABLE_OBJC_WEAK = YES;
				CLANG_WARN_BLOCK_CAPTURE_AUTORELEASING = YES;
				CLANG_WARN_BOOL_CONVERSION = YES;
				CLANG_WARN_COMMA = YES;
				CLANG_WARN_CONSTANT_CONVERSION = YES;
				CLANG_WARN_DEPRECATED_OBJC_IMPLEMENTATIONS = YES;
				CLANG_WARN_DIRECT_OBJC_ISA_USAGE = YES_ERROR;
				CLANG_WARN_DOCUMENTATION_COMMENTS = YES;
				CLANG_WARN_EMPTY_BODY = YES;
				CLANG_WARN_ENUM_CONVERSION = YES;
				CLANG_WARN_INFINITE_RECURSION = YES;
				CLANG_WARN_INT_CONVERSION = YES;
				CLANG_WARN_NON_LITERAL_NULL_CONVERSION = YES;
				CLANG_WARN_OBJC_IMPLICIT_RETAIN_SELF = YES;
				CLANG_WARN_OBJC_LITERAL_CONVERSION = YES;
				CLANG_WARN_OBJC_ROOT_CLASS = YES_ERROR;
				CLANG_WARN_QUOTED_INCLUDE_IN_FRAMEWORK_HEADER = YES;
				CLANG_WARN_RANGE_LOOP_ANALYSIS = YES;
				CLANG_WARN_STRICT_PROTOTYPES = YES;
				CLANG_WARN_SUSPICIOUS_MOVE = YES;
				CLANG_WARN_UNGUARDED_AVAILABILITY = YES_AGGRESSIVE;
				CLANG_WARN_UNREACHABLE_CODE = YES;
				CLANG_WARN__DUPLICATE_METHOD_MATCH = YES;
				COPY_PHASE_STRIP = NO;
				DEBUG_INFORMATION_FORMAT = dwarf;
				ENABLE_STRICT_OBJC_MSGSEND = YES;
				ENABLE_TESTABILITY = YES;
				GCC_C_LANGUAGE_STANDARD = gnu11;
				GCC_DYNAMIC_NO_PIC = NO;
				GCC_NO_COMMON_BLOCKS = YES;
				GCC_OPTIMIZATION_LEVEL = 0;
				GCC_PREPROCESSOR_DEFINITIONS = (
					"DEBUG=1",
					"$(inherited)",
				);
				GCC_WARN_64_TO_32_BIT_CONVERSION = YES;
				GCC_WARN_ABOUT_RETURN_TYPE = YES_ERROR;
				GCC_WARN_UNDECLARED_SELECTOR = YES;
				GCC_WARN_UNINITIALIZED_AUTOS = YES_AGGRESSIVE;
				GCC_WARN_UNUSED_FUNCTION = YES;
				GCC_WARN_UNUSED_VARIABLE = YES;
				IPHONEOS_DEPLOYMENT_TARGET = 15.4;
				MTL_ENABLE_DEBUG_INFO = INCLUDE_SOURCE;
				MTL_FAST_MATH = YES;
				ONLY_ACTIVE_ARCH = YES;
				SDKROOT = iphoneos;
				SWIFT_ACTIVE_COMPILATION_CONDITIONS = DEBUG;
				SWIFT_OPTIMIZATION_LEVEL = "-Onone";
			};
			name = Debug;
		};
		B521D45D28352D030088AF71 /* Release */ = {
			isa = XCBuildConfiguration;
			buildSettings = {
				ALWAYS_SEARCH_USER_PATHS = NO;
				CLANG_ANALYZER_NONNULL = YES;
				CLANG_ANALYZER_NUMBER_OBJECT_CONVERSION = YES_AGGRESSIVE;
				CLANG_CXX_LANGUAGE_STANDARD = "gnu++17";
				CLANG_ENABLE_MODULES = YES;
				CLANG_ENABLE_OBJC_ARC = YES;
				CLANG_ENABLE_OBJC_WEAK = YES;
				CLANG_WARN_BLOCK_CAPTURE_AUTORELEASING = YES;
				CLANG_WARN_BOOL_CONVERSION = YES;
				CLANG_WARN_COMMA = YES;
				CLANG_WARN_CONSTANT_CONVERSION = YES;
				CLANG_WARN_DEPRECATED_OBJC_IMPLEMENTATIONS = YES;
				CLANG_WARN_DIRECT_OBJC_ISA_USAGE = YES_ERROR;
				CLANG_WARN_DOCUMENTATION_COMMENTS = YES;
				CLANG_WARN_EMPTY_BODY = YES;
				CLANG_WARN_ENUM_CONVERSION = YES;
				CLANG_WARN_INFINITE_RECURSION = YES;
				CLANG_WARN_INT_CONVERSION = YES;
				CLANG_WARN_NON_LITERAL_NULL_CONVERSION = YES;
				CLANG_WARN_OBJC_IMPLICIT_RETAIN_SELF = YES;
				CLANG_WARN_OBJC_LITERAL_CONVERSION = YES;
				CLANG_WARN_OBJC_ROOT_CLASS = YES_ERROR;
				CLANG_WARN_QUOTED_INCLUDE_IN_FRAMEWORK_HEADER = YES;
				CLANG_WARN_RANGE_LOOP_ANALYSIS = YES;
				CLANG_WARN_STRICT_PROTOTYPES = YES;
				CLANG_WARN_SUSPICIOUS_MOVE = YES;
				CLANG_WARN_UNGUARDED_AVAILABILITY = YES_AGGRESSIVE;
				CLANG_WARN_UNREACHABLE_CODE = YES;
				CLANG_WARN__DUPLICATE_METHOD_MATCH = YES;
				COPY_PHASE_STRIP = NO;
				DEBUG_INFORMATION_FORMAT = "dwarf-with-dsym";
				ENABLE_NS_ASSERTIONS = NO;
				ENABLE_STRICT_OBJC_MSGSEND = YES;
				GCC_C_LANGUAGE_STANDARD = gnu11;
				GCC_NO_COMMON_BLOCKS = YES;
				GCC_WARN_64_TO_32_BIT_CONVERSION = YES;
				GCC_WARN_ABOUT_RETURN_TYPE = YES_ERROR;
				GCC_WARN_UNDECLARED_SELECTOR = YES;
				GCC_WARN_UNINITIALIZED_AUTOS = YES_AGGRESSIVE;
				GCC_WARN_UNUSED_FUNCTION = YES;
				GCC_WARN_UNUSED_VARIABLE = YES;
				IPHONEOS_DEPLOYMENT_TARGET = 15.4;
				MTL_ENABLE_DEBUG_INFO = NO;
				MTL_FAST_MATH = YES;
				SDKROOT = iphoneos;
				SWIFT_COMPILATION_MODE = wholemodule;
				SWIFT_OPTIMIZATION_LEVEL = "-O";
				VALIDATE_PRODUCT = YES;
			};
			name = Release;
		};
		B521D45F28352D030088AF71 /* Debug */ = {
			isa = XCBuildConfiguration;
			buildSettings = {
				ASSETCATALOG_COMPILER_APPICON_NAME = AppIcon;
				ASSETCATALOG_COMPILER_GLOBAL_ACCENT_COLOR_NAME = AccentColor;
				CODE_SIGN_STYLE = Automatic;
				CURRENT_PROJECT_VERSION = 1;
				DEVELOPMENT_ASSET_PATHS = "\"RestaurantOrder/Preview Content\"";
				DEVELOPMENT_TEAM = RC7AU6R5A5;
				ENABLE_PREVIEWS = YES;
				GENERATE_INFOPLIST_FILE = YES;
				INFOPLIST_KEY_UIApplicationSceneManifest_Generation = YES;
				INFOPLIST_KEY_UIApplicationSupportsIndirectInputEvents = YES;
				INFOPLIST_KEY_UILaunchScreen_Generation = YES;
				INFOPLIST_KEY_UISupportedInterfaceOrientations_iPad = "UIInterfaceOrientationPortrait UIInterfaceOrientationPortraitUpsideDown UIInterfaceOrientationLandscapeLeft UIInterfaceOrientationLandscapeRight";
				INFOPLIST_KEY_UISupportedInterfaceOrientations_iPhone = "UIInterfaceOrientationPortrait UIInterfaceOrientationLandscapeLeft UIInterfaceOrientationLandscapeRight";
				LD_RUNPATH_SEARCH_PATHS = (
					"$(inherited)",
					"@executable_path/Frameworks",
				);
				MARKETING_VERSION = 1.0;
				PRODUCT_BUNDLE_IDENTIFIER = com.zddhub.RestaurantOrder;
				PRODUCT_NAME = "$(TARGET_NAME)";
				SWIFT_EMIT_LOC_STRINGS = YES;
				SWIFT_VERSION = 5.0;
				TARGETED_DEVICE_FAMILY = "1,2";
			};
			name = Debug;
		};
		B521D46028352D030088AF71 /* Release */ = {
			isa = XCBuildConfiguration;
			buildSettings = {
				ASSETCATALOG_COMPILER_APPICON_NAME = AppIcon;
				ASSETCATALOG_COMPILER_GLOBAL_ACCENT_COLOR_NAME = AccentColor;
				CODE_SIGN_STYLE = Automatic;
				CURRENT_PROJECT_VERSION = 1;
				DEVELOPMENT_ASSET_PATHS = "\"RestaurantOrder/Preview Content\"";
				DEVELOPMENT_TEAM = RC7AU6R5A5;
				ENABLE_PREVIEWS = YES;
				GENERATE_INFOPLIST_FILE = YES;
				INFOPLIST_KEY_UIApplicationSceneManifest_Generation = YES;
				INFOPLIST_KEY_UIApplicationSupportsIndirectInputEvents = YES;
				INFOPLIST_KEY_UILaunchScreen_Generation = YES;
				INFOPLIST_KEY_UISupportedInterfaceOrientations_iPad = "UIInterfaceOrientationPortrait UIInterfaceOrientationPortraitUpsideDown UIInterfaceOrientationLandscapeLeft UIInterfaceOrientationLandscapeRight";
				INFOPLIST_KEY_UISupportedInterfaceOrientations_iPhone = "UIInterfaceOrientationPortrait UIInterfaceOrientationLandscapeLeft UIInterfaceOrientationLandscapeRight";
				LD_RUNPATH_SEARCH_PATHS = (
					"$(inherited)",
					"@executable_path/Frameworks",
				);
				MARKETING_VERSION = 1.0;
				PRODUCT_BUNDLE_IDENTIFIER = com.zddhub.RestaurantOrder;
				PRODUCT_NAME = "$(TARGET_NAME)";
				SWIFT_EMIT_LOC_STRINGS = YES;
				SWIFT_VERSION = 5.0;
				TARGETED_DEVICE_FAMILY = "1,2";
			};
			name = Release;
		};
		B521D46228352D030088AF71 /* Debug */ = {
			isa = XCBuildConfiguration;
			buildSettings = {
				ALWAYS_EMBED_SWIFT_STANDARD_LIBRARIES = YES;
				BUNDLE_LOADER = "$(TEST_HOST)";
				CODE_SIGN_STYLE = Automatic;
				CURRENT_PROJECT_VERSION = 1;
				DEVELOPMENT_TEAM = RC7AU6R5A5;
				GENERATE_INFOPLIST_FILE = YES;
				IPHONEOS_DEPLOYMENT_TARGET = 15.4;
				MARKETING_VERSION = 1.0;
				PRODUCT_BUNDLE_IDENTIFIER = com.zddhub.RestaurantOrderTests;
				PRODUCT_NAME = "$(TARGET_NAME)";
				SWIFT_EMIT_LOC_STRINGS = NO;
				SWIFT_VERSION = 5.0;
				TARGETED_DEVICE_FAMILY = "1,2";
				TEST_HOST = "$(BUILT_PRODUCTS_DIR)/RestaurantOrder.app/RestaurantOrder";
			};
			name = Debug;
		};
		B521D46328352D030088AF71 /* Release */ = {
			isa = XCBuildConfiguration;
			buildSettings = {
				ALWAYS_EMBED_SWIFT_STANDARD_LIBRARIES = YES;
				BUNDLE_LOADER = "$(TEST_HOST)";
				CODE_SIGN_STYLE = Automatic;
				CURRENT_PROJECT_VERSION = 1;
				DEVELOPMENT_TEAM = RC7AU6R5A5;
				GENERATE_INFOPLIST_FILE = YES;
				IPHONEOS_DEPLOYMENT_TARGET = 15.4;
				MARKETING_VERSION = 1.0;
				PRODUCT_BUNDLE_IDENTIFIER = com.zddhub.RestaurantOrderTests;
				PRODUCT_NAME = "$(TARGET_NAME)";
				SWIFT_EMIT_LOC_STRINGS = NO;
				SWIFT_VERSION = 5.0;
				TARGETED_DEVICE_FAMILY = "1,2";
				TEST_HOST = "$(BUILT_PRODUCTS_DIR)/RestaurantOrder.app/RestaurantOrder";
			};
			name = Release;
		};
		B521D46528352D030088AF71 /* Debug */ = {
			isa = XCBuildConfiguration;
			buildSettings = {
				ALWAYS_EMBED_SWIFT_STANDARD_LIBRARIES = YES;
				CODE_SIGN_STYLE = Automatic;
				CURRENT_PROJECT_VERSION = 1;
				DEVELOPMENT_TEAM = RC7AU6R5A5;
				GENERATE_INFOPLIST_FILE = YES;
				MARKETING_VERSION = 1.0;
				PRODUCT_BUNDLE_IDENTIFIER = com.zddhub.RestaurantOrderUITests;
				PRODUCT_NAME = "$(TARGET_NAME)";
				SWIFT_EMIT_LOC_STRINGS = NO;
				SWIFT_VERSION = 5.0;
				TARGETED_DEVICE_FAMILY = "1,2";
				TEST_TARGET_NAME = RestaurantOrder;
			};
			name = Debug;
		};
		B521D46628352D030088AF71 /* Release */ = {
			isa = XCBuildConfiguration;
			buildSettings = {
				ALWAYS_EMBED_SWIFT_STANDARD_LIBRARIES = YES;
				CODE_SIGN_STYLE = Automatic;
				CURRENT_PROJECT_VERSION = 1;
				DEVELOPMENT_TEAM = RC7AU6R5A5;
				GENERATE_INFOPLIST_FILE = YES;
				MARKETING_VERSION = 1.0;
				PRODUCT_BUNDLE_IDENTIFIER = com.zddhub.RestaurantOrderUITests;
				PRODUCT_NAME = "$(TARGET_NAME)";
				SWIFT_EMIT_LOC_STRINGS = NO;
				SWIFT_VERSION = 5.0;
				TARGETED_DEVICE_FAMILY = "1,2";
				TEST_TARGET_NAME = RestaurantOrder;
			};
			name = Release;
		};
/* End XCBuildConfiguration section */

/* Begin XCConfigurationList section */
		B521D43528352D000088AF71 /* Build configuration list for PBXProject "RestaurantOrder" */ = {
			isa = XCConfigurationList;
			buildConfigurations = (
				B521D45C28352D030088AF71 /* Debug */,
				B521D45D28352D030088AF71 /* Release */,
			);
			defaultConfigurationIsVisible = 0;
			defaultConfigurationName = Release;
		};
		B521D45E28352D030088AF71 /* Build configuration list for PBXNativeTarget "RestaurantOrder" */ = {
			isa = XCConfigurationList;
			buildConfigurations = (
				B521D45F28352D030088AF71 /* Debug */,
				B521D46028352D030088AF71 /* Release */,
			);
			defaultConfigurationIsVisible = 0;
			defaultConfigurationName = Release;
		};
		B521D46128352D030088AF71 /* Build configuration list for PBXNativeTarget "RestaurantOrderTests" */ = {
			isa = XCConfigurationList;
			buildConfigurations = (
				B521D46228352D030088AF71 /* Debug */,
				B521D46328352D030088AF71 /* Release */,
			);
			defaultConfigurationIsVisible = 0;
			defaultConfigurationName = Release;
		};
		B521D46428352D030088AF71 /* Build configuration list for PBXNativeTarget "RestaurantOrderUITests" */ = {
			isa = XCConfigurationList;
			buildConfigurations = (
				B521D46528352D030088AF71 /* Debug */,
				B521D46628352D030088AF71 /* Release */,
			);
			defaultConfigurationIsVisible = 0;
			defaultConfigurationName = Release;
		};
/* End XCConfigurationList section */
	};
	rootObject = B521D43228352D000088AF71 /* Project object */;
}
