{
  "pins" : [
    {
      "identity" : "env",
      "kind" : "remoteSourceControl",
      "location" : "https://github.com/micro-frontends-mobile/Env",
      "state" : {
        "revision" : "d27992f81097726376bda24cf61a071f15f8594e",
        "version" : "0.3.1"
      }
    }
  ],
  "version" : 2
}
