{
  "pins" : [
    {
      "identity" : "env",
      "kind" : "remoteSourceControl",
      "location" : "https://github.com/micro-frontends-mobile/Env",
      "state" : {
        "revision" : "d55855a004c00dd5d2d3f88e78c77c21da08f6e7",
        "version" : "0.3.3"
      }
    }
  ],
  "version" : 2
}
